lockVersion: 2.0.0
id: a86d6f87-005f-4e7a-b5ed-1f5c9541b62a
management:
  docChecksum: 2ce558252cc48bc50ccfd24efecd3cf4
  docVersion: 1.0.0
  speakeasyVersion: internal
  generationVersion: 2.245.1
  releaseVersion: 0.6.5
  configChecksum: f0bf6beb30ad56c653d0a78a9e1b268f
  repoURL: https://github.com/speakeasy-sdks/ns-api.git
  repoSubDirectory: .
  installationURL: https://github.com/speakeasy-sdks/ns-api.git
features:
  python:
    core: 4.4.3
    globalSecurity: 2.83.2
    globalServerURLs: 2.82.1
generatedFiles:
  - src/platform/sdkconfiguration.py
  - src/platform/sdk.py
  - pylintrc
  - setup.py
  - src/platform/__init__.py
  - src/platform/utils/__init__.py
  - src/platform/utils/retries.py
  - src/platform/utils/utils.py
  - src/platform/models/errors/sdkerror.py
  - tests/helpers.py
  - src/platform/models/operations/delete_npa_rules_id_.py
  - src/platform/models/operations/get_npa_rules.py
  - src/platform/models/operations/get_npa_rules_id_.py
  - src/platform/models/operations/patch_npa_rules_id_.py
  - src/platform/models/operations/post_npa_rules.py
  - src/platform/models/shared/npa_policy_response_item.py
  - src/platform/models/shared/npa_policy_rule_data.py
  - src/platform/models/shared/npa_policy_rule_dlp.py
  - src/platform/models/shared/npa_policy_request.py
  - src/platform/models/shared/security.py
  - src/platform/models/errors/npa_policy_response_400.py
  - src/platform/models/__init__.py
  - src/platform/models/errors/__init__.py
  - src/platform/models/operations/__init__.py
  - src/platform/models/shared/__init__.py
  - docs/models/operations/deletenparulesidrequest.md
  - docs/models/operations/status.md
  - docs/models/operations/deletenparulesidresponsebody.md
  - docs/models/operations/deletenparulesidresponse.md
  - docs/models/operations/getnparulesrequest.md
  - docs/models/operations/getnparulesresponse.md
  - docs/models/operations/getnparulesidrequest.md
  - docs/models/operations/getnparulesidstatus.md
  - docs/models/operations/getnparulesidresponsebody.md
  - docs/models/operations/getnparulesidresponse.md
  - docs/models/operations/silent.md
  - docs/models/operations/patchnparulesidrequest.md
  - docs/models/operations/patchnparulesidstatus.md
  - docs/models/operations/patchnparulesidresponsebody.md
  - docs/models/operations/patchnparulesidresponse.md
  - docs/models/operations/queryparamsilent.md
  - docs/models/operations/postnparulesrequest.md
  - docs/models/operations/postnparulesresponse.md
  - docs/models/shared/npapolicyresponseitem.md
  - docs/models/shared/accessmethod.md
  - docs/models/shared/actionname.md
  - docs/models/shared/matchcriteriaaction.md
  - docs/models/shared/policytype.md
  - docs/models/shared/activity.md
  - docs/models/shared/activities.md
  - docs/models/shared/privateappswithactivities.md
  - docs/models/shared/usertype.md
  - docs/models/shared/npapolicyruledata.md
  - docs/models/shared/actions.md
  - docs/models/shared/npapolicyruledlp.md
  - docs/models/shared/order.md
  - docs/models/shared/ruleorder.md
  - docs/models/shared/npapolicyrequest.md
  - docs/models/shared/security.md
  - docs/models/errors/npapolicyresponse400.md
  - docs/sdks/platform/README.md
  - USAGE.md
  - .gitattributes
